// !$*UTF8*$!
{
	archiveVersion = 1;
	classes = {
	};
	objectVersion = 110;
	objects = {

/* Begin PBXCopyFilesBuildPhase section */
		79C2F3CC30670800002F2CC0 /* CopyFiles */ = {
			isa = PBXCopyFilesBuildPhase;
			dstPath = /usr/share/man/man1/;
			dstSubfolder = None;
			files = (
			);
			runOnlyForDeploymentPostprocessing = 1;
		};
/* End PBXCopyFilesBuildPhase section */

/* Begin PBXFileReference section */
		792FEC09306F0BF900D2D27F /* Modulo3CompiladoresTests.xctest */ = {isa = PBXFileReference; explicitFileType = wrapper.cfbundle; includeInIndex = 0; path = Modulo3CompiladoresTests.xctest; sourceTree = BUILT_PRODUCTS_DIR; };
		79C2F3CE30670800002F2CC0 /* Modulo3Compiladores */ = {isa = PBXFileReference; explicitFileType = "compiled.mach-o.executable"; includeInIndex = 0; path = Modulo3Compiladores; sourceTree = BUILT_PRODUCTS_DIR; };
/* End PBXFileReference section */

/* Begin PBXFileSystemSynchronizedBuildFileExceptionSet section */
		792FEC17306F0D3E00D2D27F /* Exceptions for "Modulo3Compiladores" folder in "Modulo3CompiladoresTests" target */ = {
			isa = PBXFileSystemSynchronizedBuildFileExceptionSet;
			membershipExceptions = (
				HashTable.swift,
				Queue.swift,
				Stack.swift,
			);
			target = 792FEC08306F0BF900D2D27F /* Modulo3CompiladoresTests */;
		};
/* End PBXFileSystemSynchronizedBuildFileExceptionSet section */

/* Begin PBXFileSystemSynchronizedRootGroup section */
		792FEC0A306F0BF900D2D27F /* Modulo3CompiladoresTests */ = {
			isa = PBXFileSystemSynchronizedRootGroup;
			path = Modulo3CompiladoresTests;
			sourceTree = "<group>";
		};
		79C2F3D030670800002F2CC0 /* Modulo3Compiladores */ = {
			isa = PBXFileSystemSynchronizedRootGroup;
			exceptions = (
				792FEC17306F0D3E00D2D27F /* Exceptions for "Modulo3Compiladores" folder in "Modulo3CompiladoresTests" target */,
			);
			path = Modulo3Compiladores;
			sourceTree = "<group>";
		};
/* End PBXFileSystemSynchronizedRootGroup section */

/* Begin PBXFrameworksBuildPhase section */
		792FEC06306F0BF900D2D27F /* Frameworks */ = {
			isa = PBXFrameworksBuildPhase;
			files = (
			);
		};
		79C2F3CB30670800002F2CC0 /* Frameworks */ = {
			isa = PBXFrameworksBuildPhase;
			files = (
			);
		};
/* End PBXFrameworksBuildPhase section */

/* Begin PBXGroup section */
		79C2F3C530670800002F2CC0 = {
			isa = PBXGroup;
			children = (
				79C2F3D030670800002F2CC0 /* Modulo3Compiladores */,
				792FEC0A306F0BF900D2D27F /* Modulo3CompiladoresTests */,
				79C2F3CF30670800002F2CC0 /* Products */,
			);
			sourceTree = "<group>";
		};
		79C2F3CF30670800002F2CC0 /* Products */ = {
			isa = PBXGroup;
			children = (
				79C2F3CE30670800002F2CC0 /* Modulo3Compiladores */,
				792FEC09306F0BF900D2D27F /* Modulo3CompiladoresTests.xctest */,
			);
			name = Products;
			sourceTree = "<group>";
		};
/* End PBXGroup section */

/* Begin PBXNativeTarget section */
		792FEC08306F0BF900D2D27F /* Modulo3CompiladoresTests */ = {
			isa = PBXNativeTarget;
			buildConfigurationList = 792FEC0D306F0BF900D2D27F /* Build configuration list for PBXNativeTarget "Modulo3CompiladoresTests" */;
			buildPhases = (
				792FEC05306F0BF900D2D27F /* Sources */,
				792FEC06306F0BF900D2D27F /* Frameworks */,
				792FEC07306F0BF900D2D27F /* Resources */,
			);
			buildRules = (
			);
			fileSystemSynchronizedGroups = (
				792FEC0A306F0BF900D2D27F /* Modulo3CompiladoresTests */,
			);
			name = Modulo3CompiladoresTests;
			productName = Modulo3CompiladoresTests;
			productReference = 792FEC09306F0BF900D2D27F /* Modulo3CompiladoresTests.xctest */;
			productType = "com.apple.product-type.bundle.unit-test";
		};
		79C2F3CD30670800002F2CC0 /* Modulo3Compiladores */ = {
			isa = PBXNativeTarget;
			buildConfigurationList = 79C2F3D530670800002F2CC0 /* Build configuration list for PBXNativeTarget "Modulo3Compiladores" */;
			buildPhases = (
				79C2F3CA30670800002F2CC0 /* Sources */,
				79C2F3CB30670800002F2CC0 /* Frameworks */,
				79C2F3CC30670800002F2CC0 /* CopyFiles */,
			);
			buildRules = (
			);
			fileSystemSynchronizedGroups = (
				79C2F3D030670800002F2CC0 /* Modulo3Compiladores */,
			);
			name = Modulo3Compiladores;
			productName = Modulo3Compiladores;
			productReference = 79C2F3CE30670800002F2CC0 /* Modulo3Compiladores */;
			productType = "com.apple.product-type.tool";
		};
/* End PBXNativeTarget section */

/* Begin PBXProject section */
		79C2F3C630670800002F2CC0 /* Project object */ = {
			isa = PBXProject;
			attributes = {
				BuildIndependentTargetsInParallel = 1;
				LastSwiftUpdateCheck = 2700;
				LastUpgradeCheck = 2700;
				TargetAttributes = {
					792FEC08306F0BF900D2D27F = {
						CreatedOnToolsVersion = 27.0;
					};
					79C2F3CD30670800002F2CC0 = {
						CreatedOnToolsVersion = 27.0;
					};
				};
			};
			buildConfigurationList = 79C2F3C930670800002F2CC0 /* Build configuration list for PBXProject "Modulo3Compiladores" */;
			developmentRegion = en;
			hasScannedForEncodings = 0;
			knownRegions = (
				en,
				Base,
			);
			mainGroup = 79C2F3C530670800002F2CC0;
			minimizedProjectReferenceProxies = 1;
			preferredProjectObjectVersion = 77;
			productRefGroup = 79C2F3CF30670800002F2CC0 /* Products */;
			projectDirPath = "";
			projectRoot = "";
			targets = (
				79C2F3CD30670800002F2CC0 /* Modulo3Compiladores */,
				792FEC08306F0BF900D2D27F /* Modulo3CompiladoresTests */,
			);
		};
/* End PBXProject section */

/* Begin PBXResourcesBuildPhase section */
		792FEC07306F0BF900D2D27F /* Resources */ = {
			isa = PBXResourcesBuildPhase;
			files = (
			);
		};
/* End PBXResourcesBuildPhase section */

/* Begin PBXSourcesBuildPhase section */
		792FEC05306F0BF900D2D27F /* Sources */ = {
			isa = PBXSourcesBuildPhase;
			files = (
			);
		};
		79C2F3CA30670800002F2CC0 /* Sources */ = {
			isa = PBXSourcesBuildPhase;
			files = (
			);
		};
/* End PBXSourcesBuildPhase section */

/* Begin XCBuildConfiguration section */
		792FEC0E306F0BF900D2D27F /* Debug configuration for PBXNativeTarget "Modulo3CompiladoresTests" */ = {
			isa = XCBuildConfiguration;
			buildSettings = {
				CODE_SIGN_STYLE = Automatic;
				CURRENT_PROJECT_VERSION = 1;
				DEVELOPMENT_TEAM = X6QP58933C;
				ENABLE_DEBUG_DYLIB = YES;
				GENERATE_INFOPLIST_FILE = YES;
				MARKETING_VERSION = 1.0;
				PRODUCT_BUNDLE_IDENTIFIER = com.leonardoavilamolina.Modulo3CompiladoresTests;
				PRODUCT_NAME = "$(TARGET_NAME)";
				STRING_CATALOG_GENERATE_SYMBOLS = NO;
				SWIFT_APPROACHABLE_CONCURRENCY = YES;
				SWIFT_EMIT_LOC_STRINGS = NO;
				SWIFT_UPCOMING_FEATURE_MEMBER_IMPORT_VISIBILITY = YES;
				SWIFT_VERSION = 5.0;
			};
			name = Debug;
		};
		792FEC0F306F0BF900D2D27F /* Release configuration for PBXNativeTarget "Modulo3CompiladoresTests" */ = {
			isa = XCBuildConfiguration;
			buildSettings = {
				CODE_SIGN_STYLE = Automatic;
				CURRENT_PROJECT_VERSION = 1;
				DEVELOPMENT_TEAM = X6QP58933C;
				ENABLE_DEBUG_DYLIB = YES;
				GENERATE_INFOPLIST_FILE = YES;
				MARKETING_VERSION = 1.0;
				PRODUCT_BUNDLE_IDENTIFIER = com.leonardoavilamolina.Modulo3CompiladoresTests;
				PRODUCT_NAME = "$(TARGET_NAME)";
				STRING_CATALOG_GENERATE_SYMBOLS = NO;
				SWIFT_APPROACHABLE_CONCURRENCY = YES;
				SWIFT_EMIT_LOC_STRINGS = NO;
				SWIFT_UPCOMING_FEATURE_MEMBER_IMPORT_VISIBILITY = YES;
				SWIFT_VERSION = 5.0;
			};
			name = Release;
		};
		79C2F3D330670800002F2CC0 /* Debug configuration for PBXProject "Modulo3Compiladores" */ = {
			isa = XCBuildConfiguration;
			buildSettings = {
				ALWAYS_SEARCH_USER_PATHS = NO;
				ASSETCATALOG_COMPILER_GENERATE_SWIFT_ASSET_SYMBOL_EXTENSIONS = YES;
				CLANG_ANALYZER_NONNULL = YES;
				CLANG_ANALYZER_NUMBER_OBJECT_CONVERSION = YES_AGGRESSIVE;
				CLANG_CXX_LANGUAGE_STANDARD = "gnu++20";
				CLANG_ENABLE_MODULES = YES;
				CLANG_ENABLE_OBJC_ARC = YES;
				CLANG_ENABLE_OBJC_WEAK = YES;
				CLANG_WARN_BLOCK_CAPTURE_AUTORELEASING = YES;
				CLANG_WARN_BOOL_CONVERSION = YES;
				CLANG_WARN_COMMA = YES;
				CLANG_WARN_CONSTANT_CONVERSION = YES;
				CLANG_WARN_DEPRECATED_OBJC_IMPLEMENTATIONS = YES;
				CLANG_WARN_DIRECT_OBJC_ISA_USAGE = YES_ERROR;
				CLANG_WARN_DOCUMENTATION_COMMENTS = YES;
				CLANG_WARN_EMPTY_BODY = YES;
				CLANG_WARN_ENUM_CONVERSION = YES;
				CLANG_WARN_INFINITE_RECURSION = YES;
				CLANG_WARN_INT_CONVERSION = YES;
				CLANG_WARN_NON_LITERAL_NULL_CONVERSION = YES;
				CLANG_WARN_OBJC_IMPLICIT_RETAIN_SELF = YES;
				CLANG_WARN_OBJC_LITERAL_CONVERSION = YES;
				CLANG_WARN_OBJC_ROOT_CLASS = YES_ERROR;
				CLANG_WARN_QUOTED_INCLUDE_IN_FRAMEWORK_HEADER = YES;
				CLANG_WARN_RANGE_LOOP_ANALYSIS = YES;
				CLANG_WARN_STRICT_PROTOTYPES = YES;
				CLANG_WARN_SUSPICIOUS_MOVE = YES;
				CLANG_WARN_UNGUARDED_AVAILABILITY = YES_AGGRESSIVE;
				CLANG_WARN_UNREACHABLE_CODE = YES;
				CLANG_WARN__DUPLICATE_METHOD_MATCH = YES;
				COPY_PHASE_STRIP = NO;
				DEBUG_INFORMATION_FORMAT = dwarf;
				DEVELOPMENT_TEAM = X6QP58933C;
				ENABLE_STRICT_OBJC_MSGSEND = YES;
				ENABLE_TESTABILITY = YES;
				ENABLE_USER_SCRIPT_SANDBOXING = YES;
				GCC_C_LANGUAGE_STANDARD = gnu17;
				GCC_DYNAMIC_NO_PIC = NO;
				GCC_NO_COMMON_BLOCKS = YES;
				GCC_OPTIMIZATION_LEVEL = 0;
				GCC_PREPROCESSOR_DEFINITIONS = (
					"DEBUG=1",
					"$(inherited)",
				);
				GCC_WARN_64_TO_32_BIT_CONVERSION = YES;
				GCC_WARN_ABOUT_RETURN_TYPE = YES_ERROR;
				GCC_WARN_UNDECLARED_SELECTOR = YES;
				GCC_WARN_UNINITIALIZED_AUTOS = YES_AGGRESSIVE;
				GCC_WARN_UNUSED_FUNCTION = YES;
				GCC_WARN_UNUSED_VARIABLE = YES;
				LOCALIZATION_PREFERS_STRING_CATALOGS = YES;
				MACOSX_DEPLOYMENT_TARGET = 27.0;
				MTL_ENABLE_DEBUG_INFO = INCLUDE_SOURCE;
				MTL_FAST_MATH = YES;
				ONLY_ACTIVE_ARCH = YES;
				SDKROOT = macosx;
				SWIFT_ACTIVE_COMPILATION_CONDITIONS = "DEBUG $(inherited)";
				SWIFT_OPTIMIZATION_LEVEL = "-Onone";
			};
			name = Debug;
		};
		79C2F3D430670800002F2CC0 /* Release configuration for PBXProject "Modulo3Compiladores" */ = {
			isa = XCBuildConfiguration;
			buildSettings = {
				ALWAYS_SEARCH_USER_PATHS = NO;
				ASSETCATALOG_COMPILER_GENERATE_SWIFT_ASSET_SYMBOL_EXTENSIONS = YES;
				CLANG_ANALYZER_NONNULL = YES;
				CLANG_ANALYZER_NUMBER_OBJECT_CONVERSION = YES_AGGRESSIVE;
				CLANG_CXX_LANGUAGE_STANDARD = "gnu++20";
				CLANG_ENABLE_MODULES = YES;
				CLANG_ENABLE_OBJC_ARC = YES;
				CLANG_ENABLE_OBJC_WEAK = YES;
				CLANG_WARN_BLOCK_CAPTURE_AUTORELEASING = YES;
				CLANG_WARN_BOOL_CONVERSION = YES;
				CLANG_WARN_COMMA = YES;
				CLANG_WARN_CONSTANT_CONVERSION = YES;
				CLANG_WARN_DEPRECATED_OBJC_IMPLEMENTATIONS = YES;
				CLANG_WARN_DIRECT_OBJC_ISA_USAGE = YES_ERROR;
				CLANG_WARN_DOCUMENTATION_COMMENTS = YES;
				CLANG_WARN_EMPTY_BODY = YES;
				CLANG_WARN_ENUM_CONVERSION = YES;
				CLANG_WARN_INFINITE_RECURSION = YES;
				CLANG_WARN_INT_CONVERSION = YES;
				CLANG_WARN_NON_LITERAL_NULL_CONVERSION = YES;
				CLANG_WARN_OBJC_IMPLICIT_RETAIN_SELF = YES;
				CLANG_WARN_OBJC_LITERAL_CONVERSION = YES;
				CLANG_WARN_OBJC_ROOT_CLASS = YES_ERROR;
				CLANG_WARN_QUOTED_INCLUDE_IN_FRAMEWORK_HEADER = YES;
				CLANG_WARN_RANGE_LOOP_ANALYSIS = YES;
				CLANG_WARN_STRICT_PROTOTYPES = YES;
				CLANG_WARN_SUSPICIOUS_MOVE = YES;
				CLANG_WARN_UNGUARDED_AVAILABILITY = YES_AGGRESSIVE;
				CLANG_WARN_UNREACHABLE_CODE = YES;
				CLANG_WARN__DUPLICATE_METHOD_MATCH = YES;
				COPY_PHASE_STRIP = NO;
				DEBUG_INFORMATION_FORMAT = "dwarf-with-dsym";
				DEVELOPMENT_TEAM = X6QP58933C;
				ENABLE_NS_ASSERTIONS = NO;
				ENABLE_STRICT_OBJC_MSGSEND = YES;
				ENABLE_USER_SCRIPT_SANDBOXING = YES;
				GCC_C_LANGUAGE_STANDARD = gnu17;
				GCC_NO_COMMON_BLOCKS = YES;
				GCC_WARN_64_TO_32_BIT_CONVERSION = YES;
				GCC_WARN_ABOUT_RETURN_TYPE = YES_ERROR;
				GCC_WARN_UNDECLARED_SELECTOR = YES;
				GCC_WARN_UNINITIALIZED_AUTOS = YES_AGGRESSIVE;
				GCC_WARN_UNUSED_FUNCTION = YES;
				GCC_WARN_UNUSED_VARIABLE = YES;
				LOCALIZATION_PREFERS_STRING_CATALOGS = YES;
				MACOSX_DEPLOYMENT_TARGET = 27.0;
				MTL_ENABLE_DEBUG_INFO = NO;
				MTL_FAST_MATH = YES;
				SDKROOT = macosx;
				SWIFT_COMPILATION_MODE = wholemodule;
			};
			name = Release;
		};
		79C2F3D630670800002F2CC0 /* Debug configuration for PBXNativeTarget "Modulo3Compiladores" */ = {
			isa = XCBuildConfiguration;
			buildSettings = {
				CODE_SIGN_STYLE = Automatic;
				DEVELOPMENT_TEAM = X6QP58933C;
				ENABLE_DEBUG_DYLIB = YES;
				ENABLE_HARDENED_RUNTIME = YES;
				PRODUCT_NAME = "$(TARGET_NAME)";
				SWIFT_APPROACHABLE_CONCURRENCY = YES;
				SWIFT_UPCOMING_FEATURE_MEMBER_IMPORT_VISIBILITY = YES;
				SWIFT_VERSION = 5.0;
			};
			name = Debug;
		};
		79C2F3D730670800002F2CC0 /* Release configuration for PBXNativeTarget "Modulo3Compiladores" */ = {
			isa = XCBuildConfiguration;
			buildSettings = {
				CODE_SIGN_STYLE = Automatic;
				DEVELOPMENT_TEAM = X6QP58933C;
				ENABLE_DEBUG_DYLIB = YES;
				ENABLE_HARDENED_RUNTIME = YES;
				PRODUCT_NAME = "$(TARGET_NAME)";
				SWIFT_APPROACHABLE_CONCURRENCY = YES;
				SWIFT_UPCOMING_FEATURE_MEMBER_IMPORT_VISIBILITY = YES;
				SWIFT_VERSION = 5.0;
			};
			name = Release;
		};
/* End XCBuildConfiguration section */

/* Begin XCConfigurationList section */
		792FEC0D306F0BF900D2D27F /* Build configuration list for PBXNativeTarget "Modulo3CompiladoresTests" */ = {
			isa = XCConfigurationList;
			buildConfigurations = (
				792FEC0E306F0BF900D2D27F /* Debug configuration for PBXNativeTarget "Modulo3CompiladoresTests" */,
				792FEC0F306F0BF900D2D27F /* Release configuration for PBXNativeTarget "Modulo3CompiladoresTests" */,
			);
			defaultConfigurationName = Release;
		};
		79C2F3C930670800002F2CC0 /* Build configuration list for PBXProject "Modulo3Compiladores" */ = {
			isa = XCConfigurationList;
			buildConfigurations = (
				79C2F3D330670800002F2CC0 /* Debug configuration for PBXProject "Modulo3Compiladores" */,
				79C2F3D430670800002F2CC0 /* Release configuration for PBXProject "Modulo3Compiladores" */,
			);
			defaultConfigurationName = Release;
		};
		79C2F3D530670800002F2CC0 /* Build configuration list for PBXNativeTarget "Modulo3Compiladores" */ = {
			isa = XCConfigurationList;
			buildConfigurations = (
				79C2F3D630670800002F2CC0 /* Debug configuration for PBXNativeTarget "Modulo3Compiladores" */,
				79C2F3D730670800002F2CC0 /* Release configuration for PBXNativeTarget "Modulo3Compiladores" */,
			);
			defaultConfigurationName = Release;
		};
/* End XCConfigurationList section */
	};
	rootObject = 79C2F3C630670800002F2CC0 /* Project object */;
	validationLevel = 1;
}
